// !$*UTF8*$!
{
	archiveVersion = 1;
	classes = {
	};
	objectVersion = 50;
	objects = {

/* Begin PBXBuildFile section */
		871675F42653F8280051D12E /* AllCocktailTableViewCell.swift in Sources */ = {isa = PBXBuildFile; fileRef = 871675F32653F8280051D12E /* AllCocktailTableViewCell.swift */; };
		871D7B862663D8D3004A066C /* DetailTableViewCell.swift in Sources */ = {isa = PBXBuildFile; fileRef = 871D7B852663D8D3004A066C /* DetailTableViewCell.swift */; };
		871D7B882663E102004A066C /* DetailViewController + TableViewDataSourse.swift in Sources */ = {isa = PBXBuildFile; fileRef = 871D7B872663E102004A066C /* DetailViewController + TableViewDataSourse.swift */; };
		871D7B8A2663E14A004A066C /* SetupDetailVCUIElements.swift in Sources */ = {isa = PBXBuildFile; fileRef = 871D7B892663E14A004A066C /* SetupDetailVCUIElements.swift */; };
		8730D69B26204F0800A026F8 /* AppDelegate.swift in Sources */ = {isa = PBXBuildFile; fileRef = 8730D69A26204F0800A026F8 /* AppDelegate.swift */; };
		8730D69D26204F0800A026F8 /* SceneDelegate.swift in Sources */ = {isa = PBXBuildFile; fileRef = 8730D69C26204F0800A026F8 /* SceneDelegate.swift */; };
		8730D69F26204F0800A026F8 /* ViewController.swift in Sources */ = {isa = PBXBuildFile; fileRef = 8730D69E26204F0800A026F8 /* ViewController.swift */; };
		8730D6A426204F0A00A026F8 /* Assets.xcassets in Resources */ = {isa = PBXBuildFile; fileRef = 8730D6A326204F0A00A026F8 /* Assets.xcassets */; };
		8730D6A726204F0A00A026F8 /* LaunchScreen.storyboard in Resources */ = {isa = PBXBuildFile; fileRef = 8730D6A526204F0A00A026F8 /* LaunchScreen.storyboard */; };
		8730D6C326207AAE00A026F8 /* NetworkManager.swift in Sources */ = {isa = PBXBuildFile; fileRef = 8730D6C226207AAE00A026F8 /* NetworkManager.swift */; };
		8790B7A92670F02300D66E14 /* FavouriteTableViewCell.swift in Sources */ = {isa = PBXBuildFile; fileRef = 8790B7A82670F02300D66E14 /* FavouriteTableViewCell.swift */; };
		87B351AA266F630B00F270CC /* ViewControllersFunc.swift in Sources */ = {isa = PBXBuildFile; fileRef = 87B351A9266F630A00F270CC /* ViewControllersFunc.swift */; };
		87B821A0265D421200A55829 /* SearchTableViewController.swift in Sources */ = {isa = PBXBuildFile; fileRef = 87B8219F265D421200A55829 /* SearchTableViewController.swift */; };
		87B821A2265D43D300A55829 /* SearchTableViewCell.swift in Sources */ = {isa = PBXBuildFile; fileRef = 87B821A1265D43D300A55829 /* SearchTableViewCell.swift */; };
		87B821A426611CC100A55829 /* DownloadMethod.swift in Sources */ = {isa = PBXBuildFile; fileRef = 87B821A326611CC100A55829 /* DownloadMethod.swift */; };
		87BCE78726231C6F00E63365 /* CocktailsModel.xcdatamodeld in Sources */ = {isa = PBXBuildFile; fileRef = 87BCE78526231C6F00E63365 /* CocktailsModel.xcdatamodeld */; };
		87BCE78B26231E5E00E63365 /* CoreDataManager.swift in Sources */ = {isa = PBXBuildFile; fileRef = 87BCE78A26231E5E00E63365 /* CoreDataManager.swift */; };
		87CCD6FC2673EB4300F3C043 /* CocktailsDTO.swift in Sources */ = {isa = PBXBuildFile; fileRef = 87CCD6FB2673EB4300F3C043 /* CocktailsDTO.swift */; };
		87CCD7002674BCD700F3C043 /* Extensions.swift in Sources */ = {isa = PBXBuildFile; fileRef = 87CCD6FF2674BCD700F3C043 /* Extensions.swift */; };
		87CCD7042674C07D00F3C043 /* GradientButton.swift in Sources */ = {isa = PBXBuildFile; fileRef = 87CCD7032674C07D00F3C043 /* GradientButton.swift */; };
		87CCD7062674C1F500F3C043 /* DetailTableViewCell2.swift in Sources */ = {isa = PBXBuildFile; fileRef = 87CCD7052674C1F500F3C043 /* DetailTableViewCell2.swift */; };
		87CCD7082674DB4400F3C043 /* FavouriteTableView + TableView.swift in Sources */ = {isa = PBXBuildFile; fileRef = 87CCD7072674DB4400F3C043 /* FavouriteTableView + TableView.swift */; };
		87D89BF02655614E00E6667B /* TableViewController.swift in Sources */ = {isa = PBXBuildFile; fileRef = 87D89BEF2655614E00E6667B /* TableViewController.swift */; };
		87D89BF2265561AE00E6667B /* AllAlcoholSecondTableViewCell.swift in Sources */ = {isa = PBXBuildFile; fileRef = 87D89BF1265561AE00E6667B /* AllAlcoholSecondTableViewCell.swift */; };
		87EA9EDD26627E0C00D7E090 /* DetailViewController.swift in Sources */ = {isa = PBXBuildFile; fileRef = 87EA9EDC26627E0C00D7E090 /* DetailViewController.swift */; };
		87FD7934266966DA00AC26EF /* FavouriteViewController.swift in Sources */ = {isa = PBXBuildFile; fileRef = 87FD7933266966DA00AC26EF /* FavouriteViewController.swift */; };
/* End PBXBuildFile section */

/* Begin PBXFileReference section */
		871675F32653F8280051D12E /* AllCocktailTableViewCell.swift */ = {isa = PBXFileReference; lastKnownFileType = sourcecode.swift; path = AllCocktailTableViewCell.swift; sourceTree = "<group>"; };
		871D7B852663D8D3004A066C /* DetailTableViewCell.swift */ = {isa = PBXFileReference; lastKnownFileType = sourcecode.swift; path = DetailTableViewCell.swift; sourceTree = "<group>"; };
		871D7B872663E102004A066C /* DetailViewController + TableViewDataSourse.swift */ = {isa = PBXFileReference; lastKnownFileType = sourcecode.swift; path = "DetailViewController + TableViewDataSourse.swift"; sourceTree = "<group>"; };
		871D7B892663E14A004A066C /* SetupDetailVCUIElements.swift */ = {isa = PBXFileReference; lastKnownFileType = sourcecode.swift; path = SetupDetailVCUIElements.swift; sourceTree = "<group>"; };
		8730D69726204F0800A026F8 /* Cocktails.app */ = {isa = PBXFileReference; explicitFileType = wrapper.application; includeInIndex = 0; path = Cocktails.app; sourceTree = BUILT_PRODUCTS_DIR; };
		8730D69A26204F0800A026F8 /* AppDelegate.swift */ = {isa = PBXFileReference; lastKnownFileType = sourcecode.swift; path = AppDelegate.swift; sourceTree = "<group>"; };
		8730D69C26204F0800A026F8 /* SceneDelegate.swift */ = {isa = PBXFileReference; lastKnownFileType = sourcecode.swift; path = SceneDelegate.swift; sourceTree = "<group>"; };
		8730D69E26204F0800A026F8 /* ViewController.swift */ = {isa = PBXFileReference; lastKnownFileType = sourcecode.swift; path = ViewController.swift; sourceTree = "<group>"; };
		8730D6A326204F0A00A026F8 /* Assets.xcassets */ = {isa = PBXFileReference; lastKnownFileType = folder.assetcatalog; path = Assets.xcassets; sourceTree = "<group>"; };
		8730D6A626204F0A00A026F8 /* Base */ = {isa = PBXFileReference; lastKnownFileType = file.storyboard; name = Base; path = Base.lproj/LaunchScreen.storyboard; sourceTree = "<group>"; };
		8730D6A826204F0A00A026F8 /* Info.plist */ = {isa = PBXFileReference; lastKnownFileType = text.plist.xml; path = Info.plist; sourceTree = "<group>"; };
		8730D6C226207AAE00A026F8 /* NetworkManager.swift */ = {isa = PBXFileReference; lastKnownFileType = sourcecode.swift; path = NetworkManager.swift; sourceTree = "<group>"; };
		8790B7A82670F02300D66E14 /* FavouriteTableViewCell.swift */ = {isa = PBXFileReference; lastKnownFileType = sourcecode.swift; path = FavouriteTableViewCell.swift; sourceTree = "<group>"; };
		87B351A9266F630A00F270CC /* ViewControllersFunc.swift */ = {isa = PBXFileReference; lastKnownFileType = sourcecode.swift; path = ViewControllersFunc.swift; sourceTree = "<group>"; };
		87B8219F265D421200A55829 /* SearchTableViewController.swift */ = {isa = PBXFileReference; lastKnownFileType = sourcecode.swift; path = SearchTableViewController.swift; sourceTree = "<group>"; };
		87B821A1265D43D300A55829 /* SearchTableViewCell.swift */ = {isa = PBXFileReference; lastKnownFileType = sourcecode.swift; path = SearchTableViewCell.swift; sourceTree = "<group>"; };
		87B821A326611CC100A55829 /* DownloadMethod.swift */ = {isa = PBXFileReference; lastKnownFileType = sourcecode.swift; path = DownloadMethod.swift; sourceTree = "<group>"; };
		87BCE78626231C6F00E63365 /* CocktailsModel.xcdatamodel */ = {isa = PBXFileReference; lastKnownFileType = wrapper.xcdatamodel; path = CocktailsModel.xcdatamodel; sourceTree = "<group>"; };
		87BCE78A26231E5E00E63365 /* CoreDataManager.swift */ = {isa = PBXFileReference; lastKnownFileType = sourcecode.swift; path = CoreDataManager.swift; sourceTree = "<group>"; };
		87CCD6FB2673EB4300F3C043 /* CocktailsDTO.swift */ = {isa = PBXFileReference; lastKnownFileType = sourcecode.swift; path = CocktailsDTO.swift; sourceTree = "<group>"; };
		87CCD6FF2674BCD700F3C043 /* Extensions.swift */ = {isa = PBXFileReference; lastKnownFileType = sourcecode.swift; path = Extensions.swift; sourceTree = "<group>"; };
		87CCD7032674C07D00F3C043 /* GradientButton.swift */ = {isa = PBXFileReference; lastKnownFileType = sourcecode.swift; path = GradientButton.swift; sourceTree = "<group>"; };
		87CCD7052674C1F500F3C043 /* DetailTableViewCell2.swift */ = {isa = PBXFileReference; lastKnownFileType = sourcecode.swift; path = DetailTableViewCell2.swift; sourceTree = "<group>"; };
		87CCD7072674DB4400F3C043 /* FavouriteTableView + TableView.swift */ = {isa = PBXFileReference; lastKnownFileType = sourcecode.swift; path = "FavouriteTableView + TableView.swift"; sourceTree = "<group>"; };
		87D89BEF2655614E00E6667B /* TableViewController.swift */ = {isa = PBXFileReference; lastKnownFileType = sourcecode.swift; path = TableViewController.swift; sourceTree = "<group>"; };
		87D89BF1265561AE00E6667B /* AllAlcoholSecondTableViewCell.swift */ = {isa = PBXFileReference; lastKnownFileType = sourcecode.swift; path = AllAlcoholSecondTableViewCell.swift; sourceTree = "<group>"; };
		87EA9EDC26627E0C00D7E090 /* DetailViewController.swift */ = {isa = PBXFileReference; lastKnownFileType = sourcecode.swift; path = DetailViewController.swift; sourceTree = "<group>"; };
		87FD7933266966DA00AC26EF /* FavouriteViewController.swift */ = {isa = PBXFileReference; lastKnownFileType = sourcecode.swift; path = FavouriteViewController.swift; sourceTree = "<group>"; };
/* End PBXFileReference section */

/* Begin PBXFrameworksBuildPhase section */
		8730D69426204F0800A026F8 /* Frameworks */ = {
			isa = PBXFrameworksBuildPhase;
			buildActionMask = 2147483647;
			files = (
			);
			runOnlyForDeploymentPostprocessing = 0;
		};
/* End PBXFrameworksBuildPhase section */

/* Begin PBXGroup section */
		8702F42226272EC10077AB41 /* UI */ = {
			isa = PBXGroup;
			children = (
				87CCD7022674C06900F3C043 /* Views */,
				8730D6BA2620795600A026F8 /* ViewController */,
				87B351AD266F666A00F270CC /* FavouriteVC */,
				87B351AC266F65DA00F270CC /* AllAlcoholTableVC */,
				87B351AB266F654800F270CC /* SearchTableView */,
				87CCD7012674BFF900F3C043 /* DetailVC */,
			);
			path = UI;
			sourceTree = "<group>";
		};
		8730D68E26204F0800A026F8 = {
			isa = PBXGroup;
			children = (
				8730D69926204F0800A026F8 /* Cocktails */,
				8730D69826204F0800A026F8 /* Products */,
			);
			sourceTree = "<group>";
		};
		8730D69826204F0800A026F8 /* Products */ = {
			isa = PBXGroup;
			children = (
				8730D69726204F0800A026F8 /* Cocktails.app */,
			);
			name = Products;
			sourceTree = "<group>";
		};
		8730D69926204F0800A026F8 /* Cocktails */ = {
			isa = PBXGroup;
			children = (
				87CCD6F82673EA9100F3C043 /* AppResources */,
				8702F42226272EC10077AB41 /* UI */,
				87CCD6F72673EA8500F3C043 /* Model */,
			);
			path = Cocktails;
			sourceTree = "<group>";
		};
		8730D6BA2620795600A026F8 /* ViewController */ = {
			isa = PBXGroup;
			children = (
				8730D69E26204F0800A026F8 /* ViewController.swift */,
				87B351A9266F630A00F270CC /* ViewControllersFunc.swift */,
			);
			path = ViewController;
			sourceTree = "<group>";
		};
		8730D6C026207A7500A026F8 /* NetworkManager */ = {
			isa = PBXGroup;
			children = (
				8730D6C226207AAE00A026F8 /* NetworkManager.swift */,
			);
			path = NetworkManager;
			sourceTree = "<group>";
		};
		87B351AB266F654800F270CC /* SearchTableView */ = {
			isa = PBXGroup;
			children = (
				87B8219F265D421200A55829 /* SearchTableViewController.swift */,
				87B821A1265D43D300A55829 /* SearchTableViewCell.swift */,
			);
			path = SearchTableView;
			sourceTree = "<group>";
		};
		87B351AC266F65DA00F270CC /* AllAlcoholTableVC */ = {
			isa = PBXGroup;
			children = (
				87D89BEF2655614E00E6667B /* TableViewController.swift */,
				871675F32653F8280051D12E /* AllCocktailTableViewCell.swift */,
				87D89BF1265561AE00E6667B /* AllAlcoholSecondTableViewCell.swift */,
			);
			path = AllAlcoholTableVC;
			sourceTree = "<group>";
		};
		87B351AD266F666A00F270CC /* FavouriteVC */ = {
			isa = PBXGroup;
			children = (
				87FD7933266966DA00AC26EF /* FavouriteViewController.swift */,
				87CCD7072674DB4400F3C043 /* FavouriteTableView + TableView.swift */,
				8790B7A82670F02300D66E14 /* FavouriteTableViewCell.swift */,
			);
			path = FavouriteVC;
			sourceTree = "<group>";
		};
		87B821A5266130EF00A55829 /* DownloadData */ = {
			isa = PBXGroup;
			children = (
				87B821A326611CC100A55829 /* DownloadMethod.swift */,
			);
			path = DownloadData;
			sourceTree = "<group>";
		};
		87BCE78926231D3400E63365 /* Core Data */ = {
			isa = PBXGroup;
			children = (
				87BCE78526231C6F00E63365 /* CocktailsModel.xcdatamodeld */,
				87BCE78A26231E5E00E63365 /* CoreDataManager.swift */,
			);
			path = "Core Data";
			sourceTree = "<group>";
		};
		87CCD6F62673E8FB00F3C043 /* Delegates */ = {
			isa = PBXGroup;
			children = (
				8730D69A26204F0800A026F8 /* AppDelegate.swift */,
				8730D69C26204F0800A026F8 /* SceneDelegate.swift */,
			);
			path = Delegates;
			sourceTree = "<group>";
		};
		87CCD6F72673EA8500F3C043 /* Model */ = {
			isa = PBXGroup;
			children = (
				87CCD6FD2674BC9A00F3C043 /* Helpers */,
				8730D6C026207A7500A026F8 /* NetworkManager */,
				87CCD6F92673EB1800F3C043 /* Entities */,
				87B821A5266130EF00A55829 /* DownloadData */,
				87BCE78926231D3400E63365 /* Core Data */,
			);
			path = Model;
			sourceTree = "<group>";
		};
		87CCD6F82673EA9100F3C043 /* AppResources */ = {
			isa = PBXGroup;
			children = (
				87CCD6F62673E8FB00F3C043 /* Delegates */,
				8730D6A826204F0A00A026F8 /* Info.plist */,
				8730D6A326204F0A00A026F8 /* Assets.xcassets */,
				8730D6A526204F0A00A026F8 /* LaunchScreen.storyboard */,
			);
			path = AppResources;
			sourceTree = "<group>";
		};
		87CCD6F92673EB1800F3C043 /* Entities */ = {
			isa = PBXGroup;
			children = (
				87CCD6FA2673EB2200F3C043 /* DataMapping */,
			);
			path = Entities;
			sourceTree = "<group>";
		};
		87CCD6FA2673EB2200F3C043 /* DataMapping */ = {
			isa = PBXGroup;
			children = (
				87CCD6FB2673EB4300F3C043 /* CocktailsDTO.swift */,
			);
			path = DataMapping;
			sourceTree = "<group>";
		};
		87CCD6FD2674BC9A00F3C043 /* Helpers */ = {
			isa = PBXGroup;
			children = (
				87CCD6FF2674BCD700F3C043 /* Extensions.swift */,
			);
			path = Helpers;
			sourceTree = "<group>";
		};
		87CCD7012674BFF900F3C043 /* DetailVC */ = {
			isa = PBXGroup;
			children = (
				87EA9EDC26627E0C00D7E090 /* DetailViewController.swift */,
				871D7B892663E14A004A066C /* SetupDetailVCUIElements.swift */,
				871D7B872663E102004A066C /* DetailViewController + TableViewDataSourse.swift */,
				871D7B852663D8D3004A066C /* DetailTableViewCell.swift */,
				87CCD7052674C1F500F3C043 /* DetailTableViewCell2.swift */,
			);
			path = DetailVC;
			sourceTree = "<group>";
		};
		87CCD7022674C06900F3C043 /* Views */ = {
			isa = PBXGroup;
			children = (
				87CCD7032674C07D00F3C043 /* GradientButton.swift */,
			);
			path = Views;
			sourceTree = "<group>";
		};
/* End PBXGroup section */

/* Begin PBXNativeTarget section */
		8730D69626204F0800A026F8 /* Cocktails */ = {
			isa = PBXNativeTarget;
			buildConfigurationList = 8730D6AB26204F0A00A026F8 /* Build configuration list for PBXNativeTarget "Cocktails" */;
			buildPhases = (
				8730D69326204F0800A026F8 /* Sources */,
				8730D69426204F0800A026F8 /* Frameworks */,
				8730D69526204F0800A026F8 /* Resources */,
			);
			buildRules = (
			);
			dependencies = (
			);
			name = Cocktails;
			productName = Cocktails;
			productReference = 8730D69726204F0800A026F8 /* Cocktails.app */;
			productType = "com.apple.product-type.application";
		};
/* End PBXNativeTarget section */

/* Begin PBXProject section */
		8730D68F26204F0800A026F8 /* Project object */ = {
			isa = PBXProject;
			attributes = {
				LastSwiftUpdateCheck = 1240;
				LastUpgradeCheck = 1240;
				TargetAttributes = {
					8730D69626204F0800A026F8 = {
						CreatedOnToolsVersion = 12.4;
					};
				};
			};
			buildConfigurationList = 8730D69226204F0800A026F8 /* Build configuration list for PBXProject "Cocktails" */;
			compatibilityVersion = "Xcode 9.3";
			developmentRegion = en;
			hasScannedForEncodings = 0;
			knownRegions = (
				en,
				Base,
			);
			mainGroup = 8730D68E26204F0800A026F8;
			productRefGroup = 8730D69826204F0800A026F8 /* Products */;
			projectDirPath = "";
			projectRoot = "";
			targets = (
				8730D69626204F0800A026F8 /* Cocktails */,
			);
		};
/* End PBXProject section */

/* Begin PBXResourcesBuildPhase section */
		8730D69526204F0800A026F8 /* Resources */ = {
			isa = PBXResourcesBuildPhase;
			buildActionMask = 2147483647;
			files = (
				8730D6A726204F0A00A026F8 /* LaunchScreen.storyboard in Resources */,
				8730D6A426204F0A00A026F8 /* Assets.xcassets in Resources */,
			);
			runOnlyForDeploymentPostprocessing = 0;
		};
/* End PBXResourcesBuildPhase section */

/* Begin PBXSourcesBuildPhase section */
		8730D69326204F0800A026F8 /* Sources */ = {
			isa = PBXSourcesBuildPhase;
			buildActionMask = 2147483647;
			files = (
				8730D69F26204F0800A026F8 /* ViewController.swift in Sources */,
				87D89BF2265561AE00E6667B /* AllAlcoholSecondTableViewCell.swift in Sources */,
				871D7B8A2663E14A004A066C /* SetupDetailVCUIElements.swift in Sources */,
				87FD7934266966DA00AC26EF /* FavouriteViewController.swift in Sources */,
				8790B7A92670F02300D66E14 /* FavouriteTableViewCell.swift in Sources */,
				87CCD7082674DB4400F3C043 /* FavouriteTableView + TableView.swift in Sources */,
				87B821A426611CC100A55829 /* DownloadMethod.swift in Sources */,
				87CCD7062674C1F500F3C043 /* DetailTableViewCell2.swift in Sources */,
				871675F42653F8280051D12E /* AllCocktailTableViewCell.swift in Sources */,
				87B821A0265D421200A55829 /* SearchTableViewController.swift in Sources */,
				87EA9EDD26627E0C00D7E090 /* DetailViewController.swift in Sources */,
				87D89BF02655614E00E6667B /* TableViewController.swift in Sources */,
				87BCE78726231C6F00E63365 /* CocktailsModel.xcdatamodeld in Sources */,
				8730D6C326207AAE00A026F8 /* NetworkManager.swift in Sources */,
				8730D69B26204F0800A026F8 /* AppDelegate.swift in Sources */,
				87CCD7002674BCD700F3C043 /* Extensions.swift in Sources */,
				87CCD6FC2673EB4300F3C043 /* CocktailsDTO.swift in Sources */,
				87CCD7042674C07D00F3C043 /* GradientButton.swift in Sources */,
				87B821A2265D43D300A55829 /* SearchTableViewCell.swift in Sources */,
				87BCE78B26231E5E00E63365 /* CoreDataManager.swift in Sources */,
				8730D69D26204F0800A026F8 /* SceneDelegate.swift in Sources */,
				871D7B882663E102004A066C /* DetailViewController + TableViewDataSourse.swift in Sources */,
				87B351AA266F630B00F270CC /* ViewControllersFunc.swift in Sources */,
				871D7B862663D8D3004A066C /* DetailTableViewCell.swift in Sources */,
			);
			runOnlyForDeploymentPostprocessing = 0;
		};
/* End PBXSourcesBuildPhase section */

/* Begin PBXVariantGroup section */
		8730D6A526204F0A00A026F8 /* LaunchScreen.storyboard */ = {
			isa = PBXVariantGroup;
			children = (
				8730D6A626204F0A00A026F8 /* Base */,
			);
			name = LaunchScreen.storyboard;
			sourceTree = "<group>";
		};
/* End PBXVariantGroup section */

/* Begin XCBuildConfiguration section */
		8730D6A926204F0A00A026F8 /* Debug */ = {
			isa = XCBuildConfiguration;
			buildSettings = {
				ALWAYS_SEARCH_USER_PATHS = NO;
				CLANG_ANALYZER_NONNULL = YES;
				CLANG_ANALYZER_NUMBER_OBJECT_CONVERSION = YES_AGGRESSIVE;
				CLANG_CXX_LANGUAGE_STANDARD = "gnu++14";
				CLANG_CXX_LIBRARY = "libc++";
				CLANG_ENABLE_MODULES = YES;
				CLANG_ENABLE_OBJC_ARC = YES;
				CLANG_ENABLE_OBJC_WEAK = YES;
				CLANG_WARN_BLOCK_CAPTURE_AUTORELEASING = YES;
				CLANG_WARN_BOOL_CONVERSION = YES;
				CLANG_WARN_COMMA = YES;
				CLANG_WARN_CONSTANT_CONVERSION = YES;
				CLANG_WARN_DEPRECATED_OBJC_IMPLEMENTATIONS = YES;
				CLANG_WARN_DIRECT_OBJC_ISA_USAGE = YES_ERROR;
				CLANG_WARN_DOCUMENTATION_COMMENTS = YES;
				CLANG_WARN_EMPTY_BODY = YES;
				CLANG_WARN_ENUM_CONVERSION = YES;
				CLANG_WARN_INFINITE_RECURSION = YES;
				CLANG_WARN_INT_CONVERSION = YES;
				CLANG_WARN_NON_LITERAL_NULL_CONVERSION = YES;
				CLANG_WARN_OBJC_IMPLICIT_RETAIN_SELF = YES;
				CLANG_WARN_OBJC_LITERAL_CONVERSION = YES;
				CLANG_WARN_OBJC_ROOT_CLASS = YES_ERROR;
				CLANG_WARN_QUOTED_INCLUDE_IN_FRAMEWORK_HEADER = YES;
				CLANG_WARN_RANGE_LOOP_ANALYSIS = YES;
				CLANG_WARN_STRICT_PROTOTYPES = YES;
				CLANG_WARN_SUSPICIOUS_MOVE = YES;
				CLANG_WARN_UNGUARDED_AVAILABILITY = YES_AGGRESSIVE;
				CLANG_WARN_UNREACHABLE_CODE = YES;
				CLANG_WARN__DUPLICATE_METHOD_MATCH = YES;
				COPY_PHASE_STRIP = NO;
				DEBUG_INFORMATION_FORMAT = dwarf;
				ENABLE_STRICT_OBJC_MSGSEND = YES;
				ENABLE_TESTABILITY = YES;
				GCC_C_LANGUAGE_STANDARD = gnu11;
				GCC_DYNAMIC_NO_PIC = NO;
				GCC_NO_COMMON_BLOCKS = YES;
				GCC_OPTIMIZATION_LEVEL = 0;
				GCC_PREPROCESSOR_DEFINITIONS = (
					"DEBUG=1",
					"$(inherited)",
				);
				GCC_WARN_64_TO_32_BIT_CONVERSION = YES;
				GCC_WARN_ABOUT_RETURN_TYPE = YES_ERROR;
				GCC_WARN_UNDECLARED_SELECTOR = YES;
				GCC_WARN_UNINITIALIZED_AUTOS = YES_AGGRESSIVE;
				GCC_WARN_UNUSED_FUNCTION = YES;
				GCC_WARN_UNUSED_VARIABLE = YES;
				INFOPLIST_FILE = Cocktails/AppResources/Info.plist;
				IPHONEOS_DEPLOYMENT_TARGET = 14.4;
				MTL_ENABLE_DEBUG_INFO = INCLUDE_SOURCE;
				MTL_FAST_MATH = YES;
				ONLY_ACTIVE_ARCH = YES;
				SDKROOT = iphoneos;
				SWIFT_ACTIVE_COMPILATION_CONDITIONS = DEBUG;
				SWIFT_OPTIMIZATION_LEVEL = "-Onone";
			};
			name = Debug;
		};
		8730D6AA26204F0A00A026F8 /* Release */ = {
			isa = XCBuildConfiguration;
			buildSettings = {
				ALWAYS_SEARCH_USER_PATHS = NO;
				CLANG_ANALYZER_NONNULL = YES;
				CLANG_ANALYZER_NUMBER_OBJECT_CONVERSION = YES_AGGRESSIVE;
				CLANG_CXX_LANGUAGE_STANDARD = "gnu++14";
				CLANG_CXX_LIBRARY = "libc++";
				CLANG_ENABLE_MODULES = YES;
				CLANG_ENABLE_OBJC_ARC = YES;
				CLANG_ENABLE_OBJC_WEAK = YES;
				CLANG_WARN_BLOCK_CAPTURE_AUTORELEASING = YES;
				CLANG_WARN_BOOL_CONVERSION = YES;
				CLANG_WARN_COMMA = YES;
				CLANG_WARN_CONSTANT_CONVERSION = YES;
				CLANG_WARN_DEPRECATED_OBJC_IMPLEMENTATIONS = YES;
				CLANG_WARN_DIRECT_OBJC_ISA_USAGE = YES_ERROR;
				CLANG_WARN_DOCUMENTATION_COMMENTS = YES;
				CLANG_WARN_EMPTY_BODY = YES;
				CLANG_WARN_ENUM_CONVERSION = YES;
				CLANG_WARN_INFINITE_RECURSION = YES;
				CLANG_WARN_INT_CONVERSION = YES;
				CLANG_WARN_NON_LITERAL_NULL_CONVERSION = YES;
				CLANG_WARN_OBJC_IMPLICIT_RETAIN_SELF = YES;
				CLANG_WARN_OBJC_LITERAL_CONVERSION = YES;
				CLANG_WARN_OBJC_ROOT_CLASS = YES_ERROR;
				CLANG_WARN_QUOTED_INCLUDE_IN_FRAMEWORK_HEADER = YES;
				CLANG_WARN_RANGE_LOOP_ANALYSIS = YES;
				CLANG_WARN_STRICT_PROTOTYPES = YES;
				CLANG_WARN_SUSPICIOUS_MOVE = YES;
				CLANG_WARN_UNGUARDED_AVAILABILITY = YES_AGGRESSIVE;
				CLANG_WARN_UNREACHABLE_CODE = YES;
				CLANG_WARN__DUPLICATE_METHOD_MATCH = YES;
				COPY_PHASE_STRIP = NO;
				DEBUG_INFORMATION_FORMAT = "dwarf-with-dsym";
				ENABLE_NS_ASSERTIONS = NO;
				ENABLE_STRICT_OBJC_MSGSEND = YES;
				GCC_C_LANGUAGE_STANDARD = gnu11;
				GCC_NO_COMMON_BLOCKS = YES;
				GCC_WARN_64_TO_32_BIT_CONVERSION = YES;
				GCC_WARN_ABOUT_RETURN_TYPE = YES_ERROR;
				GCC_WARN_UNDECLARED_SELECTOR = YES;
				GCC_WARN_UNINITIALIZED_AUTOS = YES_AGGRESSIVE;
				GCC_WARN_UNUSED_FUNCTION = YES;
				GCC_WARN_UNUSED_VARIABLE = YES;
				INFOPLIST_FILE = Cocktails/AppResources/Info.plist;
				IPHONEOS_DEPLOYMENT_TARGET = 14.4;
				MTL_ENABLE_DEBUG_INFO = NO;
				MTL_FAST_MATH = YES;
				SDKROOT = iphoneos;
				SWIFT_COMPILATION_MODE = wholemodule;
				SWIFT_OPTIMIZATION_LEVEL = "-O";
				VALIDATE_PRODUCT = YES;
			};
			name = Release;
		};
		8730D6AC26204F0A00A026F8 /* Debug */ = {
			isa = XCBuildConfiguration;
			buildSettings = {
				ASSETCATALOG_COMPILER_APPICON_NAME = AppIcon;
				ASSETCATALOG_COMPILER_GLOBAL_ACCENT_COLOR_NAME = AccentColor;
				CODE_SIGN_STYLE = Automatic;
				DEVELOPMENT_TEAM = RVNP2HHLC6;
				INFOPLIST_FILE = Cocktails/AppResources/Info.plist;
				LD_RUNPATH_SEARCH_PATHS = (
					"$(inherited)",
					"@executable_path/Frameworks",
				);
				PRODUCT_BUNDLE_IDENTIFIER = AnnYesip.Cocktails;
				PRODUCT_NAME = "$(TARGET_NAME)";
				SWIFT_VERSION = 5.0;
				TARGETED_DEVICE_FAMILY = "1,2";
			};
			name = Debug;
		};
		8730D6AD26204F0A00A026F8 /* Release */ = {
			isa = XCBuildConfiguration;
			buildSettings = {
				ASSETCATALOG_COMPILER_APPICON_NAME = AppIcon;
				ASSETCATALOG_COMPILER_GLOBAL_ACCENT_COLOR_NAME = AccentColor;
				CODE_SIGN_STYLE = Automatic;
				DEVELOPMENT_TEAM = RVNP2HHLC6;
				INFOPLIST_FILE = Cocktails/AppResources/Info.plist;
				LD_RUNPATH_SEARCH_PATHS = (
					"$(inherited)",
					"@executable_path/Frameworks",
				);
				PRODUCT_BUNDLE_IDENTIFIER = AnnYesip.Cocktails;
				PRODUCT_NAME = "$(TARGET_NAME)";
				SWIFT_VERSION = 5.0;
				TARGETED_DEVICE_FAMILY = "1,2";
			};
			name = Release;
		};
/* End XCBuildConfiguration section */

/* Begin XCConfigurationList section */
		8730D69226204F0800A026F8 /* Build configuration list for PBXProject "Cocktails" */ = {
			isa = XCConfigurationList;
			buildConfigurations = (
				8730D6A926204F0A00A026F8 /* Debug */,
				8730D6AA26204F0A00A026F8 /* Release */,
			);
			defaultConfigurationIsVisible = 0;
			defaultConfigurationName = Release;
		};
		8730D6AB26204F0A00A026F8 /* Build configuration list for PBXNativeTarget "Cocktails" */ = {
			isa = XCConfigurationList;
			buildConfigurations = (
				8730D6AC26204F0A00A026F8 /* Debug */,
				8730D6AD26204F0A00A026F8 /* Release */,
			);
			defaultConfigurationIsVisible = 0;
			defaultConfigurationName = Release;
		};
/* End XCConfigurationList section */

/* Begin XCVersionGroup section */
		87BCE78526231C6F00E63365 /* CocktailsModel.xcdatamodeld */ = {
			isa = XCVersionGroup;
			children = (
				87BCE78626231C6F00E63365 /* CocktailsModel.xcdatamodel */,
			);
			currentVersion = 87BCE78626231C6F00E63365 /* CocktailsModel.xcdatamodel */;
			path = CocktailsModel.xcdatamodeld;
			sourceTree = "<group>";
			versionGroupType = wrapper.xcdatamodel;
		};
/* End XCVersionGroup section */
	};
	rootObject = 8730D68F26204F0800A026F8 /* Project object */;
}
